
Microsoft Visual Studio Solution File, Format Version 12.00
# Visual Studio Version 17
VisualStudioVersion = 17.11.35219.272
MinimumVisualStudioVersion = 10.0.40219.1
Project("{FAE04EC0-301F-11D3-BF4B-00C04F79EFBC}") = "ContactsApp", "ContactsApp\ContactsApp.csproj", "{7E74F6CC-E145-48EF-8949-BE595D1B23CB}"
EndProject
Project("{FAE04EC0-301F-11D3-BF4B-00C04F79EFBC}") = "Contact.Repository", "Contact.Repository\Contact.Repository.csproj", "{43664D2D-6224-4353-8003-5BF2AF31AB75}"
EndProject
Project("{FAE04EC0-301F-11D3-BF4B-00C04F79EFBC}") = "Contact.Data", "Contact.Data\Contact.Data.csproj", "{50C11036-BEF1-4F1A-81E3-E67264DF814E}"
EndProject
Global
	GlobalSection(SolutionConfigurationPlatforms) = preSolution
		Debug|Any CPU = Debug|Any CPU
		Release|Any CPU = Release|Any CPU
	EndGlobalSection
	GlobalSection(ProjectConfigurationPlatforms) = postSolution
		{7E74F6CC-E145-48EF-8949-BE595D1B23CB}.Debug|Any CPU.ActiveCfg = Debug|Any CPU
		{7E74F6CC-E145-48EF-8949-BE595D1B23CB}.Debug|Any CPU.Build.0 = Debug|Any CPU
		{7E74F6CC-E145-48EF-8949-BE595D1B23CB}.Release|Any CPU.ActiveCfg = Release|Any CPU
		{7E74F6CC-E145-48EF-8949-BE595D1B23CB}.Release|Any CPU.Build.0 = Release|Any CPU
		{43664D2D-6224-4353-8003-5BF2AF31AB75}.Debug|Any CPU.ActiveCfg = Debug|Any CPU
		{43664D2D-6224-4353-8003-5BF2AF31AB75}.Debug|Any CPU.Build.0 = Debug|Any CPU
		{43664D2D-6224-4353-8003-5BF2AF31AB75}.Release|Any CPU.ActiveCfg = Release|Any CPU
		{43664D2D-6224-4353-8003-5BF2AF31AB75}.Release|Any CPU.Build.0 = Release|Any CPU
		{50C11036-BEF1-4F1A-81E3-E67264DF814E}.Debug|Any CPU.ActiveCfg = Debug|Any CPU
		{50C11036-BEF1-4F1A-81E3-E67264DF814E}.Debug|Any CPU.Build.0 = Debug|Any CPU
		{50C11036-BEF1-4F1A-81E3-E67264DF814E}.Release|Any CPU.ActiveCfg = Release|Any CPU
		{50C11036-BEF1-4F1A-81E3-E67264DF814E}.Release|Any CPU.Build.0 = Release|Any CPU
	EndGlobalSection
	GlobalSection(SolutionProperties) = preSolution
		HideSolutionNode = FALSE
	EndGlobalSection
	GlobalSection(ExtensibilityGlobals) = postSolution
		SolutionGuid = {6CA9C935-524F-4C16-BEC4-9253096569B6}
	EndGlobalSection
EndGlobal
